{
  "name": "12",
  "lockfileVersion": 3,
  "requires": true,
  "packages": {
    "": {
      "dependencies": {
        "dancing-links": "^4.3.2",
        "dlx": "^0.2.1"
      }
    },
    "node_modules/dancing-links": {
      "version": "4.3.2",
      "resolved": "https://registry.npmjs.org/dancing-links/-/dancing-links-4.3.2.tgz",
      "integrity": "sha512-3BDx+nL85rCKKUGd7M+oMCQLNX0GL6BPL6cv4r+lA4jLXnNxGJwzVpJ3WeVemw0vVXPO74R4BMzm7SJDYl2ARQ==",
      "license": "MIT",
      "engines": {
        "node": ">=20.0.0"
      }
    },
    "node_modules/dlx": {
      "version": "0.2.1",
      "resolved": "https://registry.npmjs.org/dlx/-/dlx-0.2.1.tgz",
      "integrity": "sha512-oXRVvaKG942UX0HNIDr+Eykp6uGhcjkk719dGBYNqSagrwZ0l4ryA4iTh2n/l23MinmXISqzt4uVLSS2cUYm7A==",
      "license": "MIT",
      "dependencies": {
        "underscore": "*"
      },
      "engines": {
        "node": "*"
      }
    },
    "node_modules/underscore": {
      "version": "1.13.7",
      "resolved": "https://registry.npmjs.org/underscore/-/underscore-1.13.7.tgz",
      "integrity": "sha512-GMXzWtsc57XAtguZgaQViUOzs0KTkk8ojr3/xAxXLITqf/3EMwxC0inyETfDFjH/Krbhuep0HNbbjI9i/q3F3g==",
      "license": "MIT"
    }
  }
}
